
Microsoft Visual Studio Solution File, Format Version 12.00
# Visual Studio Version 17
VisualStudioVersion = 17.2.32516.85
MinimumVisualStudioVersion = 10.0.40219.1
Project("{FAE04EC0-301F-11D3-BF4B-00C04F79EFBC}") = "MuOnlineItemsBufferReader", "MuOnlineItemsBufferReader\MuOnlineItemsBufferReader.csproj", "{BD26CDC9-9D31-4010-9759-293056064A0E}"
EndProject
Global
	GlobalSection(SolutionConfigurationPlatforms) = preSolution
		Debug|Any CPU = Debug|Any CPU
		Release|Any CPU = Release|Any CPU
	EndGlobalSection
	GlobalSection(ProjectConfigurationPlatforms) = postSolution
		{BD26CDC9-9D31-4010-9759-293056064A0E}.Debug|Any CPU.ActiveCfg = Debug|Any CPU
		{BD26CDC9-9D31-4010-9759-293056064A0E}.Debug|Any CPU.Build.0 = Debug|Any CPU
		{BD26CDC9-9D31-4010-9759-293056064A0E}.Release|Any CPU.ActiveCfg = Release|Any CPU
		{BD26CDC9-9D31-4010-9759-293056064A0E}.Release|Any CPU.Build.0 = Release|Any CPU
	EndGlobalSection
	GlobalSection(SolutionProperties) = preSolution
		HideSolutionNode = FALSE
	EndGlobalSection
	GlobalSection(ExtensibilityGlobals) = postSolution
		SolutionGuid = {CCCDBD40-9D98-4F71-B6E4-71EF317E7A3E}
	EndGlobalSection
EndGlobal
